
Microsoft Visual Studio Solution File, Format Version 12.00
# Visual Studio Version 17
VisualStudioVersion = 17.11.35327.3
MinimumVisualStudioVersion = 10.0.40219.1
Project("{D2ABAB84-BF74-430A-B69E-9DC6D40DDA17}") = "curs_cube2", "curs_cube2\curs_cube2.dwproj", "{A9C44BDB-B274-4CA3-9FA6-3BC0C6B3679C}"
EndProject
Global
	GlobalSection(SolutionConfigurationPlatforms) = preSolution
		Development|Default = Development|Default
	EndGlobalSection
	GlobalSection(ProjectConfigurationPlatforms) = postSolution
		{A9C44BDB-B274-4CA3-9FA6-3BC0C6B3679C}.Development|Default.ActiveCfg = Development
		{A9C44BDB-B274-4CA3-9FA6-3BC0C6B3679C}.Development|Default.Build.0 = Development
		{A9C44BDB-B274-4CA3-9FA6-3BC0C6B3679C}.Development|Default.Deploy.0 = Development
	EndGlobalSection
	GlobalSection(SolutionProperties) = preSolution
		HideSolutionNode = FALSE
	EndGlobalSection
	GlobalSection(ExtensibilityGlobals) = postSolution
		SolutionGuid = {E1A4CB90-13F1-401F-AB04-A2B101D2231B}
	EndGlobalSection
EndGlobal
